// !$*UTF8*$!
{
	archiveVersion = 1;
	classes = {
	};
	objectVersion = 46;
	objects = {

/* Begin PBXBuildFile section */
		4980861A1AC0DC1F00F19AE1 /* main.m in Sources */ = {isa = PBXBuildFile; fileRef = 498086191AC0DC1F00F19AE1 /* main.m */; };
		4980861D1AC0DC1F00F19AE1 /* AppDelegate.m in Sources */ = {isa = PBXBuildFile; fileRef = 4980861C1AC0DC1F00F19AE1 /* AppDelegate.m */; };
		498086201AC0DC1F00F19AE1 /* ViewController.m in Sources */ = {isa = PBXBuildFile; fileRef = 4980861F1AC0DC1F00F19AE1 /* ViewController.m */; };
		498086231AC0DC1F00F19AE1 /* Main.storyboard in Resources */ = {isa = PBXBuildFile; fileRef = 498086211AC0DC1F00F19AE1 /* Main.storyboard */; };
		498086251AC0DC1F00F19AE1 /* Images.xcassets in Resources */ = {isa = PBXBuildFile; fileRef = 498086241AC0DC1F00F19AE1 /* Images.xcassets */; };
		498086281AC0DC1F00F19AE1 /* LaunchScreen.xib in Resources */ = {isa = PBXBuildFile; fileRef = 498086261AC0DC1F00F19AE1 /* LaunchScreen.xib */; };
		498086341AC0DC1F00F19AE1 /* SnipeyTests.m in Sources */ = {isa = PBXBuildFile; fileRef = 498086331AC0DC1F00F19AE1 /* SnipeyTests.m */; };
		4980863E1AC0E94D00F19AE1 /* MapKit.framework in Frameworks */ = {isa = PBXBuildFile; fileRef = 4980863D1AC0E94D00F19AE1 /* MapKit.framework */; };
		498086421AC0E9F300F19AE1 /* Bolts.framework in Frameworks */ = {isa = PBXBuildFile; fileRef = 4980863F1AC0E9F300F19AE1 /* Bolts.framework */; };
		498086431AC0E9F300F19AE1 /* Parse.framework in Frameworks */ = {isa = PBXBuildFile; fileRef = 498086401AC0E9F300F19AE1 /* Parse.framework */; };
		498086441AC0E9F300F19AE1 /* ParseUI.framework in Frameworks */ = {isa = PBXBuildFile; fileRef = 498086411AC0E9F300F19AE1 /* ParseUI.framework */; };
/* End PBXBuildFile section */

/* Begin PBXContainerItemProxy section */
		4980862E1AC0DC1F00F19AE1 /* PBXContainerItemProxy */ = {
			isa = PBXContainerItemProxy;
			containerPortal = 4980860C1AC0DC1E00F19AE1 /* Project object */;
			proxyType = 1;
			remoteGlobalIDString = 498086131AC0DC1F00F19AE1;
			remoteInfo = Snipey;
		};
/* End PBXContainerItemProxy section */

/* Begin PBXFileReference section */
		498086141AC0DC1F00F19AE1 /* Snipey.app */ = {isa = PBXFileReference; explicitFileType = wrapper.application; includeInIndex = 0; path = Snipey.app; sourceTree = BUILT_PRODUCTS_DIR; };
		498086181AC0DC1F00F19AE1 /* Info.plist */ = {isa = PBXFileReference; lastKnownFileType = text.plist.xml; path = Info.plist; sourceTree = "<group>"; };
		498086191AC0DC1F00F19AE1 /* main.m */ = {isa = PBXFileReference; lastKnownFileType = sourcecode.c.objc; path = main.m; sourceTree = "<group>"; };
		4980861B1AC0DC1F00F19AE1 /* AppDelegate.h */ = {isa = PBXFileReference; lastKnownFileType = sourcecode.c.h; path = AppDelegate.h; sourceTree = "<group>"; };
		4980861C1AC0DC1F00F19AE1 /* AppDelegate.m */ = {isa = PBXFileReference; lastKnownFileType = sourcecode.c.objc; path = AppDelegate.m; sourceTree = "<group>"; };
		4980861E1AC0DC1F00F19AE1 /* ViewController.h */ = {isa = PBXFileReference; lastKnownFileType = sourcecode.c.h; path = ViewController.h; sourceTree = "<group>"; };
		4980861F1AC0DC1F00F19AE1 /* ViewController.m */ = {isa = PBXFileReference; lastKnownFileType = sourcecode.c.objc; path = ViewController.m; sourceTree = "<group>"; };
		498086221AC0DC1F00F19AE1 /* Base */ = {isa = PBXFileReference; lastKnownFileType = file.storyboard; name = Base; path = Base.lproj/Main.storyboard; sourceTree = "<group>"; };
		498086241AC0DC1F00F19AE1 /* Images.xcassets */ = {isa = PBXFileReference; lastKnownFileType = folder.assetcatalog; path = Images.xcassets; sourceTree = "<group>"; };
		498086271AC0DC1F00F19AE1 /* Base */ = {isa = PBXFileReference; lastKnownFileType = file.xib; name = Base; path = Base.lproj/LaunchScreen.xib; sourceTree = "<group>"; };
		4980862D1AC0DC1F00F19AE1 /* SnipeyTests.xctest */ = {isa = PBXFileReference; explicitFileType = wrapper.cfbundle; includeInIndex = 0; path = SnipeyTests.xctest; sourceTree = BUILT_PRODUCTS_DIR; };
		498086321AC0DC1F00F19AE1 /* Info.plist */ = {isa = PBXFileReference; lastKnownFileType = text.plist.xml; path = Info.plist; sourceTree = "<group>"; };
		498086331AC0DC1F00F19AE1 /* SnipeyTests.m */ = {isa = PBXFileReference; lastKnownFileType = sourcecode.c.objc; path = SnipeyTests.m; sourceTree = "<group>"; };
		4980863D1AC0E94D00F19AE1 /* MapKit.framework */ = {isa = PBXFileReference; lastKnownFileType = wrapper.framework; name = MapKit.framework; path = System/Library/Frameworks/MapKit.framework; sourceTree = SDKROOT; };
		4980863F1AC0E9F300F19AE1 /* Bolts.framework */ = {isa = PBXFileReference; lastKnownFileType = wrapper.framework; name = Bolts.framework; path = Snipey/Bolts.framework; sourceTree = "<group>"; };
		498086401AC0E9F300F19AE1 /* Parse.framework */ = {isa = PBXFileReference; lastKnownFileType = wrapper.framework; name = Parse.framework; path = Snipey/Parse.framework; sourceTree = "<group>"; };
		498086411AC0E9F300F19AE1 /* ParseUI.framework */ = {isa = PBXFileReference; lastKnownFileType = wrapper.framework; name = ParseUI.framework; path = Snipey/ParseUI.framework; sourceTree = "<group>"; };
/* End PBXFileReference section */

/* Begin PBXFrameworksBuildPhase section */
		498086111AC0DC1F00F19AE1 /* Frameworks */ = {
			isa = PBXFrameworksBuildPhase;
			buildActionMask = 2147483647;
			files = (
				498086421AC0E9F300F19AE1 /* Bolts.framework in Frameworks */,
				498086431AC0E9F300F19AE1 /* Parse.framework in Frameworks */,
				498086441AC0E9F300F19AE1 /* ParseUI.framework in Frameworks */,
				4980863E1AC0E94D00F19AE1 /* MapKit.framework in Frameworks */,
			);
			runOnlyForDeploymentPostprocessing = 0;
		};
		4980862A1AC0DC1F00F19AE1 /* Frameworks */ = {
			isa = PBXFrameworksBuildPhase;
			buildActionMask = 2147483647;
			files = (
			);
			runOnlyForDeploymentPostprocessing = 0;
		};
/* End PBXFrameworksBuildPhase section */

/* Begin PBXGroup section */
		4980860B1AC0DC1E00F19AE1 = {
			isa = PBXGroup;
			children = (
				4980863F1AC0E9F300F19AE1 /* Bolts.framework */,
				498086401AC0E9F300F19AE1 /* Parse.framework */,
				498086411AC0E9F300F19AE1 /* ParseUI.framework */,
				4980863D1AC0E94D00F19AE1 /* MapKit.framework */,
				498086161AC0DC1F00F19AE1 /* Snipey */,
				498086301AC0DC1F00F19AE1 /* SnipeyTests */,
				498086151AC0DC1F00F19AE1 /* Products */,
			);
			sourceTree = "<group>";
		};
		498086151AC0DC1F00F19AE1 /* Products */ = {
			isa = PBXGroup;
			children = (
				498086141AC0DC1F00F19AE1 /* Snipey.app */,
				4980862D1AC0DC1F00F19AE1 /* SnipeyTests.xctest */,
			);
			name = Products;
			sourceTree = "<group>";
		};
		498086161AC0DC1F00F19AE1 /* Snipey */ = {
			isa = PBXGroup;
			children = (
				4980861B1AC0DC1F00F19AE1 /* AppDelegate.h */,
				4980861C1AC0DC1F00F19AE1 /* AppDelegate.m */,
				4980861E1AC0DC1F00F19AE1 /* ViewController.h */,
				4980861F1AC0DC1F00F19AE1 /* ViewController.m */,
				498086211AC0DC1F00F19AE1 /* Main.storyboard */,
				498086241AC0DC1F00F19AE1 /* Images.xcassets */,
				498086261AC0DC1F00F19AE1 /* LaunchScreen.xib */,
				498086171AC0DC1F00F19AE1 /* Supporting Files */,
			);
			path = Snipey;
			sourceTree = "<group>";
		};
		498086171AC0DC1F00F19AE1 /* Supporting Files */ = {
			isa = PBXGroup;
			children = (
				498086181AC0DC1F00F19AE1 /* Info.plist */,
				498086191AC0DC1F00F19AE1 /* main.m */,
			);
			name = "Supporting Files";
			sourceTree = "<group>";
		};
		498086301AC0DC1F00F19AE1 /* SnipeyTests */ = {
			isa = PBXGroup;
			children = (
				498086331AC0DC1F00F19AE1 /* SnipeyTests.m */,
				498086311AC0DC1F00F19AE1 /* Supporting Files */,
			);
			path = SnipeyTests;
			sourceTree = "<group>";
		};
		498086311AC0DC1F00F19AE1 /* Supporting Files */ = {
			isa = PBXGroup;
			children = (
				498086321AC0DC1F00F19AE1 /* Info.plist */,
			);
			name = "Supporting Files";
			sourceTree = "<group>";
		};
/* End PBXGroup section */

/* Begin PBXNativeTarget section */
		498086131AC0DC1F00F19AE1 /* Snipey */ = {
			isa = PBXNativeTarget;
			buildConfigurationList = 498086371AC0DC1F00F19AE1 /* Build configuration list for PBXNativeTarget "Snipey" */;
			buildPhases = (
				498086101AC0DC1F00F19AE1 /* Sources */,
				498086111AC0DC1F00F19AE1 /* Frameworks */,
				498086121AC0DC1F00F19AE1 /* Resources */,
			);
			buildRules = (
			);
			dependencies = (
			);
			name = Snipey;
			productName = Snipey;
			productReference = 498086141AC0DC1F00F19AE1 /* Snipey.app */;
			productType = "com.apple.product-type.application";
		};
		4980862C1AC0DC1F00F19AE1 /* SnipeyTests */ = {
			isa = PBXNativeTarget;
			buildConfigurationList = 4980863A1AC0DC1F00F19AE1 /* Build configuration list for PBXNativeTarget "SnipeyTests" */;
			buildPhases = (
				498086291AC0DC1F00F19AE1 /* Sources */,
				4980862A1AC0DC1F00F19AE1 /* Frameworks */,
				4980862B1AC0DC1F00F19AE1 /* Resources */,
			);
			buildRules = (
			);
			dependencies = (
				4980862F1AC0DC1F00F19AE1 /* PBXTargetDependency */,
			);
			name = SnipeyTests;
			productName = SnipeyTests;
			productReference = 4980862D1AC0DC1F00F19AE1 /* SnipeyTests.xctest */;
			productType = "com.apple.product-type.bundle.unit-test";
		};
/* End PBXNativeTarget section */

/* Begin PBXProject section */
		4980860C1AC0DC1E00F19AE1 /* Project object */ = {
			isa = PBXProject;
			attributes = {
				LastUpgradeCheck = 0620;
				ORGANIZATIONNAME = "Gabe Guerrero";
				TargetAttributes = {
					498086131AC0DC1F00F19AE1 = {
						CreatedOnToolsVersion = 6.2;
					};
					4980862C1AC0DC1F00F19AE1 = {
						CreatedOnToolsVersion = 6.2;
						TestTargetID = 498086131AC0DC1F00F19AE1;
					};
				};
			};
			buildConfigurationList = 4980860F1AC0DC1E00F19AE1 /* Build configuration list for PBXProject "Snipey" */;
			compatibilityVersion = "Xcode 3.2";
			developmentRegion = English;
			hasScannedForEncodings = 0;
			knownRegions = (
				en,
				Base,
			);
			mainGroup = 4980860B1AC0DC1E00F19AE1;
			productRefGroup = 498086151AC0DC1F00F19AE1 /* Products */;
			projectDirPath = "";
			projectRoot = "";
			targets = (
				498086131AC0DC1F00F19AE1 /* Snipey */,
				4980862C1AC0DC1F00F19AE1 /* SnipeyTests */,
			);
		};
/* End PBXProject section */

/* Begin PBXResourcesBuildPhase section */
		498086121AC0DC1F00F19AE1 /* Resources */ = {
			isa = PBXResourcesBuildPhase;
			buildActionMask = 2147483647;
			files = (
				498086231AC0DC1F00F19AE1 /* Main.storyboard in Resources */,
				498086281AC0DC1F00F19AE1 /* LaunchScreen.xib in Resources */,
				498086251AC0DC1F00F19AE1 /* Images.xcassets in Resources */,
			);
			runOnlyForDeploymentPostprocessing = 0;
		};
		4980862B1AC0DC1F00F19AE1 /* Resources */ = {
			isa = PBXResourcesBuildPhase;
			buildActionMask = 2147483647;
			files = (
			);
			runOnlyForDeploymentPostprocessing = 0;
		};
/* End PBXResourcesBuildPhase section */

/* Begin PBXSourcesBuildPhase section */
		498086101AC0DC1F00F19AE1 /* Sources */ = {
			isa = PBXSourcesBuildPhase;
			buildActionMask = 2147483647;
			files = (
				498086201AC0DC1F00F19AE1 /* ViewController.m in Sources */,
				4980861D1AC0DC1F00F19AE1 /* AppDelegate.m in Sources */,
				4980861A1AC0DC1F00F19AE1 /* main.m in Sources */,
			);
			runOnlyForDeploymentPostprocessing = 0;
		};
		498086291AC0DC1F00F19AE1 /* Sources */ = {
			isa = PBXSourcesBuildPhase;
			buildActionMask = 2147483647;
			files = (
				498086341AC0DC1F00F19AE1 /* SnipeyTests.m in Sources */,
			);
			runOnlyForDeploymentPostprocessing = 0;
		};
/* End PBXSourcesBuildPhase section */

/* Begin PBXTargetDependency section */
		4980862F1AC0DC1F00F19AE1 /* PBXTargetDependency */ = {
			isa = PBXTargetDependency;
			target = 498086131AC0DC1F00F19AE1 /* Snipey */;
			targetProxy = 4980862E1AC0DC1F00F19AE1 /* PBXContainerItemProxy */;
		};
/* End PBXTargetDependency section */

/* Begin PBXVariantGroup section */
		498086211AC0DC1F00F19AE1 /* Main.storyboard */ = {
			isa = PBXVariantGroup;
			children = (
				498086221AC0DC1F00F19AE1 /* Base */,
			);
			name = Main.storyboard;
			sourceTree = "<group>";
		};
		498086261AC0DC1F00F19AE1 /* LaunchScreen.xib */ = {
			isa = PBXVariantGroup;
			children = (
				498086271AC0DC1F00F19AE1 /* Base */,
			);
			name = LaunchScreen.xib;
			sourceTree = "<group>";
		};
/* End PBXVariantGroup section */

/* Begin XCBuildConfiguration section */
		498086351AC0DC1F00F19AE1 /* Debug */ = {
			isa = XCBuildConfiguration;
			buildSettings = {
				ALWAYS_SEARCH_USER_PATHS = NO;
				CLANG_CXX_LANGUAGE_STANDARD = "gnu++0x";
				CLANG_CXX_LIBRARY = "libc++";
				CLANG_ENABLE_MODULES = YES;
				CLANG_ENABLE_OBJC_ARC = YES;
				CLANG_WARN_BOOL_CONVERSION = YES;
				CLANG_WARN_CONSTANT_CONVERSION = YES;
				CLANG_WARN_DIRECT_OBJC_ISA_USAGE = YES_ERROR;
				CLANG_WARN_EMPTY_BODY = YES;
				CLANG_WARN_ENUM_CONVERSION = YES;
				CLANG_WARN_INT_CONVERSION = YES;
				CLANG_WARN_OBJC_ROOT_CLASS = YES_ERROR;
				CLANG_WARN_UNREACHABLE_CODE = YES;
				CLANG_WARN__DUPLICATE_METHOD_MATCH = YES;
				"CODE_SIGN_IDENTITY[sdk=iphoneos*]" = "iPhone Developer";
				COPY_PHASE_STRIP = NO;
				ENABLE_STRICT_OBJC_MSGSEND = YES;
				GCC_C_LANGUAGE_STANDARD = gnu99;
				GCC_DYNAMIC_NO_PIC = NO;
				GCC_OPTIMIZATION_LEVEL = 0;
				GCC_PREPROCESSOR_DEFINITIONS = (
					"DEBUG=1",
					"$(inherited)",
				);
				GCC_SYMBOLS_PRIVATE_EXTERN = NO;
				GCC_WARN_64_TO_32_BIT_CONVERSION = YES;
				GCC_WARN_ABOUT_RETURN_TYPE = YES_ERROR;
				GCC_WARN_UNDECLARED_SELECTOR = YES;
				GCC_WARN_UNINITIALIZED_AUTOS = YES_AGGRESSIVE;
				GCC_WARN_UNUSED_FUNCTION = YES;
				GCC_WARN_UNUSED_VARIABLE = YES;
				IPHONEOS_DEPLOYMENT_TARGET = 8.2;
				MTL_ENABLE_DEBUG_INFO = YES;
				ONLY_ACTIVE_ARCH = YES;
				SDKROOT = iphoneos;
			};
			name = Debug;
		};
		498086361AC0DC1F00F19AE1 /* Release */ = {
			isa = XCBuildConfiguration;
			buildSettings = {
				ALWAYS_SEARCH_USER_PATHS = NO;
				CLANG_CXX_LANGUAGE_STANDARD = "gnu++0x";
				CLANG_CXX_LIBRARY = "libc++";
				CLANG_ENABLE_MODULES = YES;
				CLANG_ENABLE_OBJC_ARC = YES;
				CLANG_WARN_BOOL_CONVERSION = YES;
				CLANG_WARN_CONSTANT_CONVERSION = YES;
				CLANG_WARN_DIRECT_OBJC_ISA_USAGE = YES_ERROR;
				CLANG_WARN_EMPTY_BODY = YES;
				CLANG_WARN_ENUM_CONVERSION = YES;
				CLANG_WARN_INT_CONVERSION = YES;
				CLANG_WARN_OBJC_ROOT_CLASS = YES_ERROR;
				CLANG_WARN_UNREACHABLE_CODE = YES;
				CLANG_WARN__DUPLICATE_METHOD_MATCH = YES;
				"CODE_SIGN_IDENTITY[sdk=iphoneos*]" = "iPhone Developer";
				COPY_PHASE_STRIP = NO;
				ENABLE_NS_ASSERTIONS = NO;
				ENABLE_STRICT_OBJC_MSGSEND = YES;
				GCC_C_LANGUAGE_STANDARD = gnu99;
				GCC_WARN_64_TO_32_BIT_CONVERSION = YES;
				GCC_WARN_ABOUT_RETURN_TYPE = YES_ERROR;
				GCC_WARN_UNDECLARED_SELECTOR = YES;
				GCC_WARN_UNINITIALIZED_AUTOS = YES_AGGRESSIVE;
				GCC_WARN_UNUSED_FUNCTION = YES;
				GCC_WARN_UNUSED_VARIABLE = YES;
				IPHONEOS_DEPLOYMENT_TARGET = 8.2;
				MTL_ENABLE_DEBUG_INFO = NO;
				SDKROOT = iphoneos;
				VALIDATE_PRODUCT = YES;
			};
			name = Release;
		};
		498086381AC0DC1F00F19AE1 /* Debug */ = {
			isa = XCBuildConfiguration;
			buildSettings = {
				ASSETCATALOG_COMPILER_APPICON_NAME = AppIcon;
				FRAMEWORK_SEARCH_PATHS = (
					"$(inherited)",
					"$(PROJECT_DIR)/Snipey",
				);
				INFOPLIST_FILE = Snipey/Info.plist;
				LD_RUNPATH_SEARCH_PATHS = "$(inherited) @executable_path/Frameworks";
				PRODUCT_NAME = "$(TARGET_NAME)";
			};
			name = Debug;
		};
		498086391AC0DC1F00F19AE1 /* Release */ = {
			isa = XCBuildConfiguration;
			buildSettings = {
				ASSETCATALOG_COMPILER_APPICON_NAME = AppIcon;
				FRAMEWORK_SEARCH_PATHS = (
					"$(inherited)",
					"$(PROJECT_DIR)/Snipey",
				);
				INFOPLIST_FILE = Snipey/Info.plist;
				LD_RUNPATH_SEARCH_PATHS = "$(inherited) @executable_path/Frameworks";
				PRODUCT_NAME = "$(TARGET_NAME)";
			};
			name = Release;
		};
		4980863B1AC0DC1F00F19AE1 /* Debug */ = {
			isa = XCBuildConfiguration;
			buildSettings = {
				BUNDLE_LOADER = "$(TEST_HOST)";
				FRAMEWORK_SEARCH_PATHS = (
					"$(SDKROOT)/Developer/Library/Frameworks",
					"$(inherited)",
				);
				GCC_PREPROCESSOR_DEFINITIONS = (
					"DEBUG=1",
					"$(inherited)",
				);
				INFOPLIST_FILE = SnipeyTests/Info.plist;
				LD_RUNPATH_SEARCH_PATHS = "$(inherited) @executable_path/Frameworks @loader_path/Frameworks";
				PRODUCT_NAME = "$(TARGET_NAME)";
				TEST_HOST = "$(BUILT_PRODUCTS_DIR)/Snipey.app/Snipey";
			};
			name = Debug;
		};
		4980863C1AC0DC1F00F19AE1 /* Release */ = {
			isa = XCBuildConfiguration;
			buildSettings = {
				BUNDLE_LOADER = "$(TEST_HOST)";
				FRAMEWORK_SEARCH_PATHS = (
					"$(SDKROOT)/Developer/Library/Frameworks",
					"$(inherited)",
				);
				INFOPLIST_FILE = SnipeyTests/Info.plist;
				LD_RUNPATH_SEARCH_PATHS = "$(inherited) @executable_path/Frameworks @loader_path/Frameworks";
				PRODUCT_NAME = "$(TARGET_NAME)";
				TEST_HOST = "$(BUILT_PRODUCTS_DIR)/Snipey.app/Snipey";
			};
			name = Release;
		};
/* End XCBuildConfiguration section */

/* Begin XCConfigurationList section */
		4980860F1AC0DC1E00F19AE1 /* Build configuration list for PBXProject "Snipey" */ = {
			isa = XCConfigurationList;
			buildConfigurations = (
				498086351AC0DC1F00F19AE1 /* Debug */,
				498086361AC0DC1F00F19AE1 /* Release */,
			);
			defaultConfigurationIsVisible = 0;
			defaultConfigurationName = Release;
		};
		498086371AC0DC1F00F19AE1 /* Build configuration list for PBXNativeTarget "Snipey" */ = {
			isa = XCConfigurationList;
			buildConfigurations = (
				498086381AC0DC1F00F19AE1 /* Debug */,
				498086391AC0DC1F00F19AE1 /* Release */,
			);
			defaultConfigurationIsVisible = 0;
		};
		4980863A1AC0DC1F00F19AE1 /* Build configuration list for PBXNativeTarget "SnipeyTests" */ = {
			isa = XCConfigurationList;
			buildConfigurations = (
				4980863B1AC0DC1F00F19AE1 /* Debug */,
				4980863C1AC0DC1F00F19AE1 /* Release */,
			);
			defaultConfigurationIsVisible = 0;
		};
/* End XCConfigurationList section */
	};
	rootObject = 4980860C1AC0DC1E00F19AE1 /* Project object */;
}
